# THIS IS AN AUTOGENERATED FILE. DO NOT EDIT THIS FILE DIRECTLY.
# yarn lockfile v1


aws-sdk@2.1.26:
  version "2.1.26"
  resolved "https://registry.yarnpkg.com/aws-sdk/-/aws-sdk-2.1.26.tgz#979667629c80c7f70e6149d069e511edb1b56b78"
  integrity sha1-l5ZnYpyAx/cOYUnQaeUR7bG1a3g=
  dependencies:
    sax "0.5.3"
    xml2js "0.2.8"
    xmlbuilder "0.4.2"

dynamodb-atomic-counter@^0.1.1:
  version "0.1.1"
  resolved "https://registry.yarnpkg.com/dynamodb-atomic-counter/-/dynamodb-atomic-counter-0.1.1.tgz#6ec7cb06fbddff95709c4fac311ba12f1948f5ed"
  integrity sha1-bsfLBvvd/5VwnE+sMRuhLxlI9e0=
  dependencies:
    aws-sdk "2.1.26"
    underscore "1.8.3"
    underscore.deferred "0.4.0"

sax@0.5.3:
  version "0.5.3"
  resolved "https://registry.yarnpkg.com/sax/-/sax-0.5.3.tgz#3773714a0d9157caaa7302971efa5c6dcda552d6"
  integrity sha1-N3NxSg2RV8qqcwKXHvpcbc2lUtY=

sax@0.5.x:
  version "0.5.8"
  resolved "https://registry.yarnpkg.com/sax/-/sax-0.5.8.tgz#d472db228eb331c2506b0e8c15524adb939d12c1"
  integrity sha1-1HLbIo6zMcJQaw6MFVJK25OdEsE=

underscore.deferred@0.4.0:
  version "0.4.0"
  resolved "https://registry.yarnpkg.com/underscore.deferred/-/underscore.deferred-0.4.0.tgz#2753de633b9ff7db601a2f3fa2af92b3dd290e6c"
  integrity sha1-J1PeYzuf99tgGi8/oq+Ss90pDmw=

underscore@1.8.3:
  version "1.8.3"
  resolved "https://registry.yarnpkg.com/underscore/-/underscore-1.8.3.tgz#4f3fb53b106e6097fcf9cb4109f2a5e9bdfa5022"
  integrity sha1-Tz+1OxBuYJf8+ctBCfKl6b36UCI=

uuid@^7.0.3:
  version "7.0.3"
  resolved "https://registry.yarnpkg.com/uuid/-/uuid-7.0.3.tgz#c5c9f2c8cf25dc0a372c4df1441c41f5bd0c680b"
  integrity sha512-DPSke0pXhTZgoF/d+WSt2QaKMCFSfx7QegxEWT+JOuHF5aWrKEn0G+ztjuJg/gG8/ItK+rbPCD/yNv8yyih6Cg==

xml2js@0.2.8:
  version "0.2.8"
  resolved "https://registry.yarnpkg.com/xml2js/-/xml2js-0.2.8.tgz#9b81690931631ff09d1957549faf54f4f980b3c2"
  integrity sha1-m4FpCTFjH/CdGVdUn69U9PmAs8I=
  dependencies:
    sax "0.5.x"

xmlbuilder@0.4.2:
  version "0.4.2"
  resolved "https://registry.yarnpkg.com/xmlbuilder/-/xmlbuilder-0.4.2.tgz#1776d65f3fdbad470a08d8604cdeb1c4e540ff83"
  integrity sha1-F3bWXz/brUcKCNhgTN6xxOVA/4M=
