{
  "name": "cypress-tests",
  "version": "1.0.0",
  "lockfileVersion": 1,
  "requires": true,
  "dependencies": {
    "axe-core": {
      "version": "4.4.1",
      "resolved": "https://registry.npmjs.org/axe-core/-/axe-core-4.4.1.tgz",
      "integrity": "sha512-gd1kmb21kwNuWr6BQz8fv6GNECPBnUasepcoLbekws23NVBLODdsClRZ+bQ8+9Uomf3Sm3+Vwn0oYG9NvwnJCw==",
      "dev": true
    },
    "cypress-axe": {
      "version": "0.14.0",
      "resolved": "https://registry.npmjs.org/cypress-axe/-/cypress-axe-0.14.0.tgz",
      "integrity": "sha512-7Rdjnko0MjggCmndc1wECAkvQBIhuy+DRtjF7bd5YPZRFvubfMNvrxfqD8PWQmxm7MZE0ffS4Xr43V6ZmvLopg==",
      "dev": true
    }
  }
}
