# THIS IS AN AUTOGENERATED FILE. DO NOT EDIT THIS FILE DIRECTLY.
# yarn lockfile v1


serverless-stack-termination-protection@^1.0.4:
  version "1.0.4"
  resolved "https://registry.yarnpkg.com/serverless-stack-termination-protection/-/serverless-stack-termination-protection-1.0.4.tgz#e0430108cfc8f4d72a63138ef5781c6fe9707868"
  integrity sha512-2uOF6/t90VXpWq8ZbWgEXMiYXA+9ZKsgm8or5jJLQYnm0Sbu2z7/EK2/ACwH4uaErFOdprI0tO9H8STdKK4TFQ==
