# THIS IS AN AUTOGENERATED FILE. DO NOT EDIT THIS FILE DIRECTLY.
# yarn lockfile v1


serverless-plugin-scripts@^1.0.2:
  version "1.0.2"
  resolved "https://registry.yarnpkg.com/serverless-plugin-scripts/-/serverless-plugin-scripts-1.0.2.tgz#21808c3cfd0a1a84e48c0660b0f6f370b5665486"
  integrity sha1-IYCMPP0KGoTkjAZgsPbzcLVmVIY=
